# generated by rye
# use `rye lock` or `rye sync` to update this lockfile
#
# last locked with the following flags:
#   pre: false
#   features: []
#   all-features: false
#   with-sources: false
#   generate-hashes: false
#   universal: false

-e file:.
accelerate==1.11.0
    # via align
    # via peft
    # via trl
aiohappyeyeballs==2.6.1
    # via aiohttp
aiohttp==3.13.2
    # via fsspec
aiosignal==1.4.0
    # via aiohttp
anyio==4.11.0
    # via httpx
attrs==25.4.0
    # via aiohttp
certifi==2025.11.12
    # via httpcore
    # via httpx
    # via requests
charset-normalizer==3.4.4
    # via requests
click==8.3.1
    # via typer
datasets==4.4.1
    # via align
    # via trl
dill==0.4.0
    # via datasets
    # via multiprocess
filelock==3.20.0
    # via datasets
    # via huggingface-hub
    # via torch
    # via transformers
frozenlist==1.8.0
    # via aiohttp
    # via aiosignal
fsspec==2025.10.0
    # via datasets
    # via huggingface-hub
    # via torch
h11==0.16.0
    # via httpcore
hf-xet==1.2.0
    # via huggingface-hub
httpcore==1.0.9
    # via httpx
httpx==0.28.1
    # via datasets
huggingface-hub==0.36.0
    # via accelerate
    # via datasets
    # via peft
    # via tokenizers
    # via transformers
idna==3.11
    # via anyio
    # via httpx
    # via requests
    # via yarl
jinja2==3.1.6
    # via torch
joblib==1.5.2
    # via scikit-learn
markdown-it-py==4.0.0
    # via rich
markupsafe==3.0.3
    # via jinja2
mdurl==0.1.2
    # via markdown-it-py
more-itertools==10.8.0
    # via align
mpmath==1.3.0
    # via sympy
multidict==6.7.0
    # via aiohttp
    # via yarl
multiprocess==0.70.18
    # via datasets
networkx==3.5
    # via torch
numpy==2.3.4
    # via accelerate
    # via datasets
    # via pandas
    # via peft
    # via scikit-learn
    # via scipy
    # via transformers
packaging==25.0
    # via accelerate
    # via datasets
    # via huggingface-hub
    # via peft
    # via transformers
pandas==2.3.3
    # via align
    # via datasets
peft==0.18.0
    # via align
propcache==0.4.1
    # via aiohttp
    # via yarl
psutil==7.1.3
    # via accelerate
    # via peft
pyarrow==22.0.0
    # via datasets
pygments==2.19.2
    # via rich
python-dateutil==2.9.0.post0
    # via pandas
pytz==2025.2
    # via pandas
pyyaml==6.0.3
    # via accelerate
    # via datasets
    # via huggingface-hub
    # via peft
    # via transformers
regex==2025.11.3
    # via transformers
requests==2.32.5
    # via datasets
    # via huggingface-hub
    # via transformers
rich==14.2.0
    # via typer
safetensors==0.6.2
    # via accelerate
    # via peft
    # via transformers
scikit-learn==1.7.2
    # via align
scipy==1.16.3
    # via scikit-learn
setuptools==80.9.0
    # via torch
shellingham==1.5.4
    # via typer
six==1.17.0
    # via python-dateutil
sniffio==1.3.1
    # via anyio
sympy==1.14.0
    # via torch
threadpoolctl==3.6.0
    # via scikit-learn
tokenizers==0.22.1
    # via transformers
torch==2.9.1
    # via accelerate
    # via align
    # via peft
tqdm==4.67.1
    # via align
    # via datasets
    # via huggingface-hub
    # via peft
    # via transformers
transformers==4.57.1
    # via align
    # via peft
    # via trl
trl==0.25.1
    # via align
typer==0.20.0
    # via align
typing-extensions==4.15.0
    # via huggingface-hub
    # via torch
    # via typer
tzdata==2025.2
    # via pandas
urllib3==2.5.0
    # via requests
xxhash==3.6.0
    # via datasets
yarl==1.22.0
    # via aiohttp
